
Microsoft Visual Studio Solution File, Format Version 12.00
# Visual Studio Version 16
VisualStudioVersion = 16.0.32106.194
MinimumVisualStudioVersion = 10.0.40219.1
Project("{FAE04EC0-301F-11D3-BF4B-00C04F79EFBC}") = "WpfCopyVs1", "WpfCopyVs1\WpfCopyVs1.csproj", "{1E682FFA-9DE8-40E6-B871-18FB9F2C12DC}"
EndProject
Project("{FAE04EC0-301F-11D3-BF4B-00C04F79EFBC}") = "WpfCopyVs2", "WpfCopyVs2\WpfCopyVs2.csproj", "{6EDE86E6-D9A0-40AB-AD45-4087C5BE487A}"
EndProject
Project("{FAE04EC0-301F-11D3-BF4B-00C04F79EFBC}") = "WpfFileInfo", "WpfFileInfo\WpfFileInfo.csproj", "{E52299CA-DECD-4F07-88F3-4AA288CC224E}"
EndProject
Global
	GlobalSection(SolutionConfigurationPlatforms) = preSolution
		Debug|Any CPU = Debug|Any CPU
		Release|Any CPU = Release|Any CPU
	EndGlobalSection
	GlobalSection(ProjectConfigurationPlatforms) = postSolution
		{1E682FFA-9DE8-40E6-B871-18FB9F2C12DC}.Debug|Any CPU.ActiveCfg = Debug|Any CPU
		{1E682FFA-9DE8-40E6-B871-18FB9F2C12DC}.Debug|Any CPU.Build.0 = Debug|Any CPU
		{1E682FFA-9DE8-40E6-B871-18FB9F2C12DC}.Release|Any CPU.ActiveCfg = Release|Any CPU
		{1E682FFA-9DE8-40E6-B871-18FB9F2C12DC}.Release|Any CPU.Build.0 = Release|Any CPU
		{6EDE86E6-D9A0-40AB-AD45-4087C5BE487A}.Debug|Any CPU.ActiveCfg = Debug|Any CPU
		{6EDE86E6-D9A0-40AB-AD45-4087C5BE487A}.Debug|Any CPU.Build.0 = Debug|Any CPU
		{6EDE86E6-D9A0-40AB-AD45-4087C5BE487A}.Release|Any CPU.ActiveCfg = Release|Any CPU
		{6EDE86E6-D9A0-40AB-AD45-4087C5BE487A}.Release|Any CPU.Build.0 = Release|Any CPU
		{E52299CA-DECD-4F07-88F3-4AA288CC224E}.Debug|Any CPU.ActiveCfg = Debug|Any CPU
		{E52299CA-DECD-4F07-88F3-4AA288CC224E}.Debug|Any CPU.Build.0 = Debug|Any CPU
		{E52299CA-DECD-4F07-88F3-4AA288CC224E}.Release|Any CPU.ActiveCfg = Release|Any CPU
		{E52299CA-DECD-4F07-88F3-4AA288CC224E}.Release|Any CPU.Build.0 = Release|Any CPU
	EndGlobalSection
	GlobalSection(SolutionProperties) = preSolution
		HideSolutionNode = FALSE
	EndGlobalSection
	GlobalSection(ExtensibilityGlobals) = postSolution
		SolutionGuid = {3DC0C658-F767-46C3-8A80-D9A2CDCF86E5}
	EndGlobalSection
EndGlobal
