
Microsoft Visual Studio Solution File, Format Version 12.00
# Visual Studio Version 16
VisualStudioVersion = 16.0.32106.194
MinimumVisualStudioVersion = 10.0.40219.1
Project("{FAE04EC0-301F-11D3-BF4B-00C04F79EFBC}") = "ConsoleKassaTicket", "ConsoleKassaTicket\ConsoleKassaTicket.csproj", "{EC290B91-1B48-4ADC-A889-46BC59C2E1A9}"
EndProject
Global
	GlobalSection(SolutionConfigurationPlatforms) = preSolution
		Debug|Any CPU = Debug|Any CPU
		Release|Any CPU = Release|Any CPU
	EndGlobalSection
	GlobalSection(ProjectConfigurationPlatforms) = postSolution
		{EC290B91-1B48-4ADC-A889-46BC59C2E1A9}.Debug|Any CPU.ActiveCfg = Debug|Any CPU
		{EC290B91-1B48-4ADC-A889-46BC59C2E1A9}.Debug|Any CPU.Build.0 = Debug|Any CPU
		{EC290B91-1B48-4ADC-A889-46BC59C2E1A9}.Release|Any CPU.ActiveCfg = Release|Any CPU
		{EC290B91-1B48-4ADC-A889-46BC59C2E1A9}.Release|Any CPU.Build.0 = Release|Any CPU
	EndGlobalSection
	GlobalSection(SolutionProperties) = preSolution
		HideSolutionNode = FALSE
	EndGlobalSection
	GlobalSection(ExtensibilityGlobals) = postSolution
		SolutionGuid = {57A4EDDF-2907-4EE3-9BA9-717E0077EF94}
	EndGlobalSection
EndGlobal
