
Microsoft Visual Studio Solution File, Format Version 12.00
# Visual Studio Version 16
VisualStudioVersion = 16.0.32106.194
MinimumVisualStudioVersion = 10.0.40219.1
Project("{FAE04EC0-301F-11D3-BF4B-00C04F79EFBC}") = "WpfPaswoordChecker", "WpfPaswoordChecker\WpfPaswoordChecker.csproj", "{87B1FC65-C6AB-4FF6-B34A-224DD6F2F439}"
EndProject
Project("{FAE04EC0-301F-11D3-BF4B-00C04F79EFBC}") = "WpfEllipsen", "WpfEllipsen\WpfEllipsen.csproj", "{A989DBCF-B927-4877-8B37-B939B96EEE21}"
EndProject
Project("{FAE04EC0-301F-11D3-BF4B-00C04F79EFBC}") = "WpfTimer", "WpfTimer\WpfTimer.csproj", "{0ECD5809-053C-4CA7-90CB-137027FBEBE8}"
EndProject
Project("{FAE04EC0-301F-11D3-BF4B-00C04F79EFBC}") = "WpfPunten", "WpfPunten\WpfPunten.csproj", "{2A0C218E-5499-49ED-8471-A0D3473F724C}"
EndProject
Global
	GlobalSection(SolutionConfigurationPlatforms) = preSolution
		Debug|Any CPU = Debug|Any CPU
		Release|Any CPU = Release|Any CPU
	EndGlobalSection
	GlobalSection(ProjectConfigurationPlatforms) = postSolution
		{87B1FC65-C6AB-4FF6-B34A-224DD6F2F439}.Debug|Any CPU.ActiveCfg = Debug|Any CPU
		{87B1FC65-C6AB-4FF6-B34A-224DD6F2F439}.Debug|Any CPU.Build.0 = Debug|Any CPU
		{87B1FC65-C6AB-4FF6-B34A-224DD6F2F439}.Release|Any CPU.ActiveCfg = Release|Any CPU
		{87B1FC65-C6AB-4FF6-B34A-224DD6F2F439}.Release|Any CPU.Build.0 = Release|Any CPU
		{A989DBCF-B927-4877-8B37-B939B96EEE21}.Debug|Any CPU.ActiveCfg = Debug|Any CPU
		{A989DBCF-B927-4877-8B37-B939B96EEE21}.Debug|Any CPU.Build.0 = Debug|Any CPU
		{A989DBCF-B927-4877-8B37-B939B96EEE21}.Release|Any CPU.ActiveCfg = Release|Any CPU
		{A989DBCF-B927-4877-8B37-B939B96EEE21}.Release|Any CPU.Build.0 = Release|Any CPU
		{0ECD5809-053C-4CA7-90CB-137027FBEBE8}.Debug|Any CPU.ActiveCfg = Debug|Any CPU
		{0ECD5809-053C-4CA7-90CB-137027FBEBE8}.Debug|Any CPU.Build.0 = Debug|Any CPU
		{0ECD5809-053C-4CA7-90CB-137027FBEBE8}.Release|Any CPU.ActiveCfg = Release|Any CPU
		{0ECD5809-053C-4CA7-90CB-137027FBEBE8}.Release|Any CPU.Build.0 = Release|Any CPU
		{2A0C218E-5499-49ED-8471-A0D3473F724C}.Debug|Any CPU.ActiveCfg = Debug|Any CPU
		{2A0C218E-5499-49ED-8471-A0D3473F724C}.Debug|Any CPU.Build.0 = Debug|Any CPU
		{2A0C218E-5499-49ED-8471-A0D3473F724C}.Release|Any CPU.ActiveCfg = Release|Any CPU
		{2A0C218E-5499-49ED-8471-A0D3473F724C}.Release|Any CPU.Build.0 = Release|Any CPU
	EndGlobalSection
	GlobalSection(SolutionProperties) = preSolution
		HideSolutionNode = FALSE
	EndGlobalSection
	GlobalSection(ExtensibilityGlobals) = postSolution
		SolutionGuid = {BAE3C2A3-351B-4838-9273-EF162D859226}
	EndGlobalSection
EndGlobal
